{
    "_readme": [
        "This file locks the dependencies of your project to a known state",
        "Read more about it at https://getcomposer.org/doc/01-basic-usage.md#installing-dependencies",
        "This file is @generated automatically"
    ],
    "content-hash": "03d7894d0a8dc15382fe05024e304fd0",
    "packages": [
        {
            "name": "cweagans/composer-configurable-plugin",
            "version": "1.0.0",
            "source": {
                "type": "git",
                "url": "https://github.com/cweagans/composer-configurable-plugin.git",
                "reference": "2df389bb1f13830fd95461d51f6eb52d02fc1c21"
            },
            "dist": {
                "type": "zip",
                "url": "https://api.github.com/repos/cweagans/composer-configurable-plugin/zipball/2df389bb1f13830fd95461d51f6eb52d02fc1c21",
                "reference": "2df389bb1f13830fd95461d51f6eb52d02fc1c21",
                "shasum": ""
            },
            "require": {
                "php": ">=5.4.0"
            },
            "require-dev": {
                "composer/composer": "~1.0",
                "phpunit/phpunit": "~5.7"
            },
            "type": "library",
            "autoload": {
                "psr-4": {
                    "cweagans\\Composer\\": "src"
                }
            },
            "notification-url": "https://packagist.org/downloads/",
            "license": [
                "BSD-2-Clause"
            ],
            "authors": [
                {
                    "name": "Cameron Eagans",
                    "email": "me@cweagans.net"
                }
            ],
            "description": "Provides a lightweight configuration system for Composer plugins.",
            "support": {
                "issues": "https://github.com/cweagans/composer-configurable-plugin/issues",
                "source": "https://github.com/cweagans/composer-configurable-plugin/tree/1.0.0"
            },
            "time": "2017-05-25T04:32:06+00:00"
        }
    ],
    "packages-dev": [],
    "aliases": [],
    "minimum-stability": "stable",
    "stability-flags": [],
    "prefer-stable": false,
    "prefer-lowest": false,
    "platform": {
        "php": ">=5.6.0",
        "ext-json": "*",
        "composer-plugin-api": "^2.0"
    },
    "platform-dev": [],
    "plugin-api-version": "2.0.0"
}
